
Microsoft Visual Studio Solution File, Format Version 11.00
# Visual C# Express 2010
Project("{FAE04EC0-301F-11D3-BF4B-00C04F79EFBC}") = "BwMia", "BwMia\BwMia.csproj", "{3D4CF862-F264-4C13-9B39-2FEAC553E440}"
EndProject
Project("{FAE04EC0-301F-11D3-BF4B-00C04F79EFBC}") = "BwCore", "BwCore\BwCore.csproj", "{AB15A9C1-4B12-4D91-8611-D0161E749F7E}"
EndProject
Project("{FAE04EC0-301F-11D3-BF4B-00C04F79EFBC}") = "010.Irony.2010", "Irony\010.Irony.2010.csproj", "{D81F5C91-D7DB-46E5-BC99-49488FB6814C}"
EndProject
Global
	GlobalSection(SolutionConfigurationPlatforms) = preSolution
		Debug|Any CPU = Debug|Any CPU
		Release|Any CPU = Release|Any CPU
	EndGlobalSection
	GlobalSection(ProjectConfigurationPlatforms) = postSolution
		{3D4CF862-F264-4C13-9B39-2FEAC553E440}.Debug|Any CPU.ActiveCfg = Debug|Any CPU
		{3D4CF862-F264-4C13-9B39-2FEAC553E440}.Debug|Any CPU.Build.0 = Debug|Any CPU
		{3D4CF862-F264-4C13-9B39-2FEAC553E440}.Release|Any CPU.ActiveCfg = Release|Any CPU
		{3D4CF862-F264-4C13-9B39-2FEAC553E440}.Release|Any CPU.Build.0 = Release|Any CPU
		{AB15A9C1-4B12-4D91-8611-D0161E749F7E}.Debug|Any CPU.ActiveCfg = Debug|Any CPU
		{AB15A9C1-4B12-4D91-8611-D0161E749F7E}.Debug|Any CPU.Build.0 = Debug|Any CPU
		{AB15A9C1-4B12-4D91-8611-D0161E749F7E}.Release|Any CPU.ActiveCfg = Release|Any CPU
		{AB15A9C1-4B12-4D91-8611-D0161E749F7E}.Release|Any CPU.Build.0 = Release|Any CPU
		{D81F5C91-D7DB-46E5-BC99-49488FB6814C}.Debug|Any CPU.ActiveCfg = Debug|Any CPU
		{D81F5C91-D7DB-46E5-BC99-49488FB6814C}.Debug|Any CPU.Build.0 = Debug|Any CPU
		{D81F5C91-D7DB-46E5-BC99-49488FB6814C}.Release|Any CPU.ActiveCfg = Release|Any CPU
		{D81F5C91-D7DB-46E5-BC99-49488FB6814C}.Release|Any CPU.Build.0 = Release|Any CPU
	EndGlobalSection
	GlobalSection(SolutionProperties) = preSolution
		HideSolutionNode = FALSE
	EndGlobalSection
EndGlobal
